{
  "name": "javascript",
  "version": "1.0.0",
  "lockfileVersion": 3,
  "requires": true,
  "packages": {
    "": {
      "name": "javascript",
      "version": "1.0.0",
      "license": "ISC",
      "dependencies": {
        "is-mergeable-object": "^1.1.1",
        "is-plain-object": "^5.0.0"
      }
    },
    "node_modules/is-mergeable-object": {
      "version": "1.1.1",
      "resolved": "https://registry.npmjs.org/is-mergeable-object/-/is-mergeable-object-1.1.1.tgz",
      "integrity": "sha512-CPduJfuGg8h8vW74WOxHtHmtQutyQBzR+3MjQ6iDHIYdbOnm1YC7jv43SqCoU8OPGTJD4nibmiryA4kmogbGrA=="
    },
    "node_modules/is-plain-object": {
      "version": "5.0.0",
      "resolved": "https://registry.npmjs.org/is-plain-object/-/is-plain-object-5.0.0.tgz",
      "integrity": "sha512-VRSzKkbMm5jMDoKLbltAkFQ5Qr7VDiTFGXxYFXXowVj387GeGNOCsOH6Msy00SGZ3Fp84b1Naa1psqgcCIEP5Q==",
      "engines": {
        "node": ">=0.10.0"
      }
    }
  }
}
